// !$*UTF8*$!
{
	archiveVersion = 1;
	classes = {
	};
	objectVersion = 48;
	objects = {

/* Begin PBXBuildFile section */
		57248DE88D2610B9FE408049 /* Pods_RSwiftDemo.framework in Frameworks */ = {isa = PBXBuildFile; fileRef = BDBC8CA99688197C4DA98C1E /* Pods_RSwiftDemo.framework */; };
		AD6F300B203D112E0067ED23 /* AppDelegate.swift in Sources */ = {isa = PBXBuildFile; fileRef = AD6F300A203D112E0067ED23 /* AppDelegate.swift */; };
		AD6F300D203D112E0067ED23 /* ViewController.swift in Sources */ = {isa = PBXBuildFile; fileRef = AD6F300C203D112E0067ED23 /* ViewController.swift */; };
		AD6F3010203D112E0067ED23 /* Main.storyboard in Resources */ = {isa = PBXBuildFile; fileRef = AD6F300E203D112E0067ED23 /* Main.storyboard */; };
		AD6F3012203D112E0067ED23 /* Assets.xcassets in Resources */ = {isa = PBXBuildFile; fileRef = AD6F3011203D112E0067ED23 /* Assets.xcassets */; };
		AD6F3015203D112E0067ED23 /* LaunchScreen.storyboard in Resources */ = {isa = PBXBuildFile; fileRef = AD6F3013203D112E0067ED23 /* LaunchScreen.storyboard */; };
		AD6F302B203D12790067ED23 /* chargeG.gif in Resources */ = {isa = PBXBuildFile; fileRef = AD6F301E203D12790067ED23 /* chargeG.gif */; };
		AD6F302C203D12790067ED23 /* chargeR.gif in Resources */ = {isa = PBXBuildFile; fileRef = AD6F301F203D12790067ED23 /* chargeR.gif */; };
		AD6F302D203D12790067ED23 /* chargeY.gif in Resources */ = {isa = PBXBuildFile; fileRef = AD6F3020203D12790067ED23 /* chargeY.gif */; };
		AD6F302E203D12790067ED23 /* recharge_almost.gif in Resources */ = {isa = PBXBuildFile; fileRef = AD6F3022203D12790067ED23 /* recharge_almost.gif */; };
		AD6F302F203D12790067ED23 /* recharge_low.gif in Resources */ = {isa = PBXBuildFile; fileRef = AD6F3023203D12790067ED23 /* recharge_low.gif */; };
		AD6F3030203D12790067ED23 /* recharge_mid.gif in Resources */ = {isa = PBXBuildFile; fileRef = AD6F3024203D12790067ED23 /* recharge_mid.gif */; };
		AD6F3031203D12790067ED23 /* batteryGrade0.png in Resources */ = {isa = PBXBuildFile; fileRef = AD6F3026203D12790067ED23 /* batteryGrade0.png */; };
		AD6F3032203D12790067ED23 /* batteryGrade1.png in Resources */ = {isa = PBXBuildFile; fileRef = AD6F3027203D12790067ED23 /* batteryGrade1.png */; };
		AD6F3033203D12790067ED23 /* batteryGrade2.png in Resources */ = {isa = PBXBuildFile; fileRef = AD6F3028203D12790067ED23 /* batteryGrade2.png */; };
		AD6F3034203D12790067ED23 /* batteryGrade3.png in Resources */ = {isa = PBXBuildFile; fileRef = AD6F3029203D12790067ED23 /* batteryGrade3.png */; };
		AD6F3035203D12790067ED23 /* batteryGrade4.png in Resources */ = {isa = PBXBuildFile; fileRef = AD6F302A203D12790067ED23 /* batteryGrade4.png */; };
		AD6F3038203D151F0067ED23 /* R.generated.swift in Sources */ = {isa = PBXBuildFile; fileRef = AD6F3037203D151F0067ED23 /* R.generated.swift */; };
/* End PBXBuildFile section */

/* Begin PBXFileReference section */
		499698D4F215C7A4D54DC088 /* Pods-RSwiftDemo.debug.xcconfig */ = {isa = PBXFileReference; includeInIndex = 1; lastKnownFileType = text.xcconfig; name = "Pods-RSwiftDemo.debug.xcconfig"; path = "Pods/Target Support Files/Pods-RSwiftDemo/Pods-RSwiftDemo.debug.xcconfig"; sourceTree = "<group>"; };
		98A6040D1E8DD6605522DEB2 /* Pods-RSwiftDemo.release.xcconfig */ = {isa = PBXFileReference; includeInIndex = 1; lastKnownFileType = text.xcconfig; name = "Pods-RSwiftDemo.release.xcconfig"; path = "Pods/Target Support Files/Pods-RSwiftDemo/Pods-RSwiftDemo.release.xcconfig"; sourceTree = "<group>"; };
		AD6F3007203D112E0067ED23 /* RSwiftDemo.app */ = {isa = PBXFileReference; explicitFileType = wrapper.application; includeInIndex = 0; path = RSwiftDemo.app; sourceTree = BUILT_PRODUCTS_DIR; };
		AD6F300A203D112E0067ED23 /* AppDelegate.swift */ = {isa = PBXFileReference; lastKnownFileType = sourcecode.swift; path = AppDelegate.swift; sourceTree = "<group>"; };
		AD6F300C203D112E0067ED23 /* ViewController.swift */ = {isa = PBXFileReference; lastKnownFileType = sourcecode.swift; path = ViewController.swift; sourceTree = "<group>"; };
		AD6F300F203D112E0067ED23 /* Base */ = {isa = PBXFileReference; lastKnownFileType = file.storyboard; name = Base; path = Base.lproj/Main.storyboard; sourceTree = "<group>"; };
		AD6F3011203D112E0067ED23 /* Assets.xcassets */ = {isa = PBXFileReference; lastKnownFileType = folder.assetcatalog; path = Assets.xcassets; sourceTree = "<group>"; };
		AD6F3014203D112E0067ED23 /* Base */ = {isa = PBXFileReference; lastKnownFileType = file.storyboard; name = Base; path = Base.lproj/LaunchScreen.storyboard; sourceTree = "<group>"; };
		AD6F3016203D112E0067ED23 /* Info.plist */ = {isa = PBXFileReference; lastKnownFileType = text.plist.xml; path = Info.plist; sourceTree = "<group>"; };
		AD6F301E203D12790067ED23 /* chargeG.gif */ = {isa = PBXFileReference; lastKnownFileType = image.gif; path = chargeG.gif; sourceTree = "<group>"; };
		AD6F301F203D12790067ED23 /* chargeR.gif */ = {isa = PBXFileReference; lastKnownFileType = image.gif; path = chargeR.gif; sourceTree = "<group>"; };
		AD6F3020203D12790067ED23 /* chargeY.gif */ = {isa = PBXFileReference; lastKnownFileType = image.gif; path = chargeY.gif; sourceTree = "<group>"; };
		AD6F3022203D12790067ED23 /* recharge_almost.gif */ = {isa = PBXFileReference; lastKnownFileType = image.gif; path = recharge_almost.gif; sourceTree = "<group>"; };
		AD6F3023203D12790067ED23 /* recharge_low.gif */ = {isa = PBXFileReference; lastKnownFileType = image.gif; path = recharge_low.gif; sourceTree = "<group>"; };
		AD6F3024203D12790067ED23 /* recharge_mid.gif */ = {isa = PBXFileReference; lastKnownFileType = image.gif; path = recharge_mid.gif; sourceTree = "<group>"; };
		AD6F3026203D12790067ED23 /* batteryGrade0.png */ = {isa = PBXFileReference; lastKnownFileType = image.png; path = batteryGrade0.png; sourceTree = "<group>"; };
		AD6F3027203D12790067ED23 /* batteryGrade1.png */ = {isa = PBXFileReference; lastKnownFileType = image.png; path = batteryGrade1.png; sourceTree = "<group>"; };
		AD6F3028203D12790067ED23 /* batteryGrade2.png */ = {isa = PBXFileReference; lastKnownFileType = image.png; path = batteryGrade2.png; sourceTree = "<group>"; };
		AD6F3029203D12790067ED23 /* batteryGrade3.png */ = {isa = PBXFileReference; lastKnownFileType = image.png; path = batteryGrade3.png; sourceTree = "<group>"; };
		AD6F302A203D12790067ED23 /* batteryGrade4.png */ = {isa = PBXFileReference; lastKnownFileType = image.png; path = batteryGrade4.png; sourceTree = "<group>"; };
		AD6F3037203D151F0067ED23 /* R.generated.swift */ = {isa = PBXFileReference; fileEncoding = 4; lastKnownFileType = sourcecode.swift; path = R.generated.swift; sourceTree = SOURCE_ROOT; };
		BDBC8CA99688197C4DA98C1E /* Pods_RSwiftDemo.framework */ = {isa = PBXFileReference; explicitFileType = wrapper.framework; includeInIndex = 0; path = Pods_RSwiftDemo.framework; sourceTree = BUILT_PRODUCTS_DIR; };
/* End PBXFileReference section */

/* Begin PBXFrameworksBuildPhase section */
		AD6F3004203D112E0067ED23 /* Frameworks */ = {
			isa = PBXFrameworksBuildPhase;
			buildActionMask = 2147483647;
			files = (
				57248DE88D2610B9FE408049 /* Pods_RSwiftDemo.framework in Frameworks */,
			);
			runOnlyForDeploymentPostprocessing = 0;
		};
/* End PBXFrameworksBuildPhase section */

/* Begin PBXGroup section */
		4AFBEF3059E1DE8BC45B6F94 /* Frameworks */ = {
			isa = PBXGroup;
			children = (
				BDBC8CA99688197C4DA98C1E /* Pods_RSwiftDemo.framework */,
			);
			name = Frameworks;
			sourceTree = "<group>";
		};
		93C64C047E4F2FBEB748D8E5 /* Pods */ = {
			isa = PBXGroup;
			children = (
				499698D4F215C7A4D54DC088 /* Pods-RSwiftDemo.debug.xcconfig */,
				98A6040D1E8DD6605522DEB2 /* Pods-RSwiftDemo.release.xcconfig */,
			);
			name = Pods;
			sourceTree = "<group>";
		};
		AD6F2FFE203D112E0067ED23 = {
			isa = PBXGroup;
			children = (
				AD6F3009203D112E0067ED23 /* RSwiftDemo */,
				AD6F3008203D112E0067ED23 /* Products */,
				93C64C047E4F2FBEB748D8E5 /* Pods */,
				4AFBEF3059E1DE8BC45B6F94 /* Frameworks */,
			);
			sourceTree = "<group>";
		};
		AD6F3008203D112E0067ED23 /* Products */ = {
			isa = PBXGroup;
			children = (
				AD6F3007203D112E0067ED23 /* RSwiftDemo.app */,
			);
			name = Products;
			sourceTree = "<group>";
		};
		AD6F3009203D112E0067ED23 /* RSwiftDemo */ = {
			isa = PBXGroup;
			children = (
				AD6F301C203D12790067ED23 /* battery */,
				AD6F300A203D112E0067ED23 /* AppDelegate.swift */,
				AD6F300C203D112E0067ED23 /* ViewController.swift */,
				AD6F300E203D112E0067ED23 /* Main.storyboard */,
				AD6F3011203D112E0067ED23 /* Assets.xcassets */,
				AD6F3013203D112E0067ED23 /* LaunchScreen.storyboard */,
				AD6F3037203D151F0067ED23 /* R.generated.swift */,
				AD6F3016203D112E0067ED23 /* Info.plist */,
			);
			path = RSwiftDemo;
			sourceTree = "<group>";
		};
		AD6F301C203D12790067ED23 /* battery */ = {
			isa = PBXGroup;
			children = (
				AD6F301D203D12790067ED23 /* charging2 */,
				AD6F3021203D12790067ED23 /* recharge1 */,
				AD6F3025203D12790067ED23 /* staticPng */,
			);
			path = battery;
			sourceTree = "<group>";
		};
		AD6F301D203D12790067ED23 /* charging2 */ = {
			isa = PBXGroup;
			children = (
				AD6F301E203D12790067ED23 /* chargeG.gif */,
				AD6F301F203D12790067ED23 /* chargeR.gif */,
				AD6F3020203D12790067ED23 /* chargeY.gif */,
			);
			path = charging2;
			sourceTree = "<group>";
		};
		AD6F3021203D12790067ED23 /* recharge1 */ = {
			isa = PBXGroup;
			children = (
				AD6F3022203D12790067ED23 /* recharge_almost.gif */,
				AD6F3023203D12790067ED23 /* recharge_low.gif */,
				AD6F3024203D12790067ED23 /* recharge_mid.gif */,
			);
			path = recharge1;
			sourceTree = "<group>";
		};
		AD6F3025203D12790067ED23 /* staticPng */ = {
			isa = PBXGroup;
			children = (
				AD6F3026203D12790067ED23 /* batteryGrade0.png */,
				AD6F3027203D12790067ED23 /* batteryGrade1.png */,
				AD6F3028203D12790067ED23 /* batteryGrade2.png */,
				AD6F3029203D12790067ED23 /* batteryGrade3.png */,
				AD6F302A203D12790067ED23 /* batteryGrade4.png */,
			);
			path = staticPng;
			sourceTree = "<group>";
		};
/* End PBXGroup section */

/* Begin PBXNativeTarget section */
		AD6F3006203D112E0067ED23 /* RSwiftDemo */ = {
			isa = PBXNativeTarget;
			buildConfigurationList = AD6F3019203D112E0067ED23 /* Build configuration list for PBXNativeTarget "RSwiftDemo" */;
			buildPhases = (
				E683AD0B5590F69A1F5D9A80 /* [CP] Check Pods Manifest.lock */,
				AD6F3036203D12990067ED23 /* ShellScript */,
				AD6F3003203D112E0067ED23 /* Sources */,
				AD6F3004203D112E0067ED23 /* Frameworks */,
				AD6F3005203D112E0067ED23 /* Resources */,
				33F24E8DF7E1D0DF9F9A72C1 /* [CP] Embed Pods Frameworks */,
				3766C9338688045964644A14 /* [CP] Copy Pods Resources */,
			);
			buildRules = (
			);
			dependencies = (
			);
			name = RSwiftDemo;
			productName = RSwiftDemo;
			productReference = AD6F3007203D112E0067ED23 /* RSwiftDemo.app */;
			productType = "com.apple.product-type.application";
		};
/* End PBXNativeTarget section */

/* Begin PBXProject section */
		AD6F2FFF203D112E0067ED23 /* Project object */ = {
			isa = PBXProject;
			attributes = {
				LastSwiftUpdateCheck = 0920;
				LastUpgradeCheck = 0920;
				ORGANIZATIONNAME = DFD;
				TargetAttributes = {
					AD6F3006203D112E0067ED23 = {
						CreatedOnToolsVersion = 9.2;
						ProvisioningStyle = Automatic;
					};
				};
			};
			buildConfigurationList = AD6F3002203D112E0067ED23 /* Build configuration list for PBXProject "RSwiftDemo" */;
			compatibilityVersion = "Xcode 8.0";
			developmentRegion = en;
			hasScannedForEncodings = 0;
			knownRegions = (
				en,
				Base,
			);
			mainGroup = AD6F2FFE203D112E0067ED23;
			productRefGroup = AD6F3008203D112E0067ED23 /* Products */;
			projectDirPath = "";
			projectRoot = "";
			targets = (
				AD6F3006203D112E0067ED23 /* RSwiftDemo */,
			);
		};
/* End PBXProject section */

/* Begin PBXResourcesBuildPhase section */
		AD6F3005203D112E0067ED23 /* Resources */ = {
			isa = PBXResourcesBuildPhase;
			buildActionMask = 2147483647;
			files = (
				AD6F3035203D12790067ED23 /* batteryGrade4.png in Resources */,
				AD6F3034203D12790067ED23 /* batteryGrade3.png in Resources */,
				AD6F3033203D12790067ED23 /* batteryGrade2.png in Resources */,
				AD6F302D203D12790067ED23 /* chargeY.gif in Resources */,
				AD6F302C203D12790067ED23 /* chargeR.gif in Resources */,
				AD6F3031203D12790067ED23 /* batteryGrade0.png in Resources */,
				AD6F302B203D12790067ED23 /* chargeG.gif in Resources */,
				AD6F302E203D12790067ED23 /* recharge_almost.gif in Resources */,
				AD6F3015203D112E0067ED23 /* LaunchScreen.storyboard in Resources */,
				AD6F3012203D112E0067ED23 /* Assets.xcassets in Resources */,
				AD6F3032203D12790067ED23 /* batteryGrade1.png in Resources */,
				AD6F302F203D12790067ED23 /* recharge_low.gif in Resources */,
				AD6F3010203D112E0067ED23 /* Main.storyboard in Resources */,
				AD6F3030203D12790067ED23 /* recharge_mid.gif in Resources */,
			);
			runOnlyForDeploymentPostprocessing = 0;
		};
/* End PBXResourcesBuildPhase section */

/* Begin PBXShellScriptBuildPhase section */
		33F24E8DF7E1D0DF9F9A72C1 /* [CP] Embed Pods Frameworks */ = {
			isa = PBXShellScriptBuildPhase;
			buildActionMask = 2147483647;
			files = (
			);
			inputPaths = (
				"${SRCROOT}/Pods/Target Support Files/Pods-RSwiftDemo/Pods-RSwiftDemo-frameworks.sh",
				"${BUILT_PRODUCTS_DIR}/R.swift.Library/Rswift.framework",
			);
			name = "[CP] Embed Pods Frameworks";
			outputPaths = (
				"${TARGET_BUILD_DIR}/${FRAMEWORKS_FOLDER_PATH}/Rswift.framework",
			);
			runOnlyForDeploymentPostprocessing = 0;
			shellPath = /bin/sh;
			shellScript = "\"${SRCROOT}/Pods/Target Support Files/Pods-RSwiftDemo/Pods-RSwiftDemo-frameworks.sh\"\n";
			showEnvVarsInLog = 0;
		};
		3766C9338688045964644A14 /* [CP] Copy Pods Resources */ = {
			isa = PBXShellScriptBuildPhase;
			buildActionMask = 2147483647;
			files = (
			);
			inputPaths = (
			);
			name = "[CP] Copy Pods Resources";
			outputPaths = (
			);
			runOnlyForDeploymentPostprocessing = 0;
			shellPath = /bin/sh;
			shellScript = "\"${SRCROOT}/Pods/Target Support Files/Pods-RSwiftDemo/Pods-RSwiftDemo-resources.sh\"\n";
			showEnvVarsInLog = 0;
		};
		AD6F3036203D12990067ED23 /* ShellScript */ = {
			isa = PBXShellScriptBuildPhase;
			buildActionMask = 2147483647;
			files = (
			);
			inputPaths = (
			);
			outputPaths = (
			);
			runOnlyForDeploymentPostprocessing = 0;
			shellPath = /bin/sh;
			shellScript = "\"$PODS_ROOT/R.swift/rswift\" generate \"$SRCROOT\"";
		};
		E683AD0B5590F69A1F5D9A80 /* [CP] Check Pods Manifest.lock */ = {
			isa = PBXShellScriptBuildPhase;
			buildActionMask = 2147483647;
			files = (
			);
			inputPaths = (
				"${PODS_PODFILE_DIR_PATH}/Podfile.lock",
				"${PODS_ROOT}/Manifest.lock",
			);
			name = "[CP] Check Pods Manifest.lock";
			outputPaths = (
				"$(DERIVED_FILE_DIR)/Pods-RSwiftDemo-checkManifestLockResult.txt",
			);
			runOnlyForDeploymentPostprocessing = 0;
			shellPath = /bin/sh;
			shellScript = "diff \"${PODS_PODFILE_DIR_PATH}/Podfile.lock\" \"${PODS_ROOT}/Manifest.lock\" > /dev/null\nif [ $? != 0 ] ; then\n    # print error to STDERR\n    echo \"error: The sandbox is not in sync with the Podfile.lock. Run 'pod install' or update your CocoaPods installation.\" >&2\n    exit 1\nfi\n# This output is used by Xcode 'outputs' to avoid re-running this script phase.\necho \"SUCCESS\" > \"${SCRIPT_OUTPUT_FILE_0}\"\n";
			showEnvVarsInLog = 0;
		};
/* End PBXShellScriptBuildPhase section */

/* Begin PBXSourcesBuildPhase section */
		AD6F3003203D112E0067ED23 /* Sources */ = {
			isa = PBXSourcesBuildPhase;
			buildActionMask = 2147483647;
			files = (
				AD6F300D203D112E0067ED23 /* ViewController.swift in Sources */,
				AD6F300B203D112E0067ED23 /* AppDelegate.swift in Sources */,
				AD6F3038203D151F0067ED23 /* R.generated.swift in Sources */,
			);
			runOnlyForDeploymentPostprocessing = 0;
		};
/* End PBXSourcesBuildPhase section */

/* Begin PBXVariantGroup section */
		AD6F300E203D112E0067ED23 /* Main.storyboard */ = {
			isa = PBXVariantGroup;
			children = (
				AD6F300F203D112E0067ED23 /* Base */,
			);
			name = Main.storyboard;
			sourceTree = "<group>";
		};
		AD6F3013203D112E0067ED23 /* LaunchScreen.storyboard */ = {
			isa = PBXVariantGroup;
			children = (
				AD6F3014203D112E0067ED23 /* Base */,
			);
			name = LaunchScreen.storyboard;
			sourceTree = "<group>";
		};
/* End PBXVariantGroup section */

/* Begin XCBuildConfiguration section */
		AD6F3017203D112E0067ED23 /* Debug */ = {
			isa = XCBuildConfiguration;
			buildSettings = {
				ALWAYS_SEARCH_USER_PATHS = NO;
				CLANG_ANALYZER_NONNULL = YES;
				CLANG_ANALYZER_NUMBER_OBJECT_CONVERSION = YES_AGGRESSIVE;
				CLANG_CXX_LANGUAGE_STANDARD = "gnu++14";
				CLANG_CXX_LIBRARY = "libc++";
				CLANG_ENABLE_MODULES = YES;
				CLANG_ENABLE_OBJC_ARC = YES;
				CLANG_WARN_BLOCK_CAPTURE_AUTORELEASING = YES;
				CLANG_WARN_BOOL_CONVERSION = YES;
				CLANG_WARN_COMMA = YES;
				CLANG_WARN_CONSTANT_CONVERSION = YES;
				CLANG_WARN_DIRECT_OBJC_ISA_USAGE = YES_ERROR;
				CLANG_WARN_DOCUMENTATION_COMMENTS = YES;
				CLANG_WARN_EMPTY_BODY = YES;
				CLANG_WARN_ENUM_CONVERSION = YES;
				CLANG_WARN_INFINITE_RECURSION = YES;
				CLANG_WARN_INT_CONVERSION = YES;
				CLANG_WARN_NON_LITERAL_NULL_CONVERSION = YES;
				CLANG_WARN_OBJC_LITERAL_CONVERSION = YES;
				CLANG_WARN_OBJC_ROOT_CLASS = YES_ERROR;
				CLANG_WARN_RANGE_LOOP_ANALYSIS = YES;
				CLANG_WARN_STRICT_PROTOTYPES = YES;
				CLANG_WARN_SUSPICIOUS_MOVE = YES;
				CLANG_WARN_UNGUARDED_AVAILABILITY = YES_AGGRESSIVE;
				CLANG_WARN_UNREACHABLE_CODE = YES;
				CLANG_WARN__DUPLICATE_METHOD_MATCH = YES;
				CODE_SIGN_IDENTITY = "iPhone Developer";
				COPY_PHASE_STRIP = NO;
				DEBUG_INFORMATION_FORMAT = dwarf;
				ENABLE_STRICT_OBJC_MSGSEND = YES;
				ENABLE_TESTABILITY = YES;
				GCC_C_LANGUAGE_STANDARD = gnu11;
				GCC_DYNAMIC_NO_PIC = NO;
				GCC_NO_COMMON_BLOCKS = YES;
				GCC_OPTIMIZATION_LEVEL = 0;
				GCC_PREPROCESSOR_DEFINITIONS = (
					"DEBUG=1",
					"$(inherited)",
				);
				GCC_WARN_64_TO_32_BIT_CONVERSION = YES;
				GCC_WARN_ABOUT_RETURN_TYPE = YES_ERROR;
				GCC_WARN_UNDECLARED_SELECTOR = YES;
				GCC_WARN_UNINITIALIZED_AUTOS = YES_AGGRESSIVE;
				GCC_WARN_UNUSED_FUNCTION = YES;
				GCC_WARN_UNUSED_VARIABLE = YES;
				IPHONEOS_DEPLOYMENT_TARGET = 11.2;
				MTL_ENABLE_DEBUG_INFO = YES;
				ONLY_ACTIVE_ARCH = YES;
				SDKROOT = iphoneos;
				SWIFT_ACTIVE_COMPILATION_CONDITIONS = DEBUG;
				SWIFT_OPTIMIZATION_LEVEL = "-Onone";
			};
			name = Debug;
		};
		AD6F3018203D112E0067ED23 /* Release */ = {
			isa = XCBuildConfiguration;
			buildSettings = {
				ALWAYS_SEARCH_USER_PATHS = NO;
				CLANG_ANALYZER_NONNULL = YES;
				CLANG_ANALYZER_NUMBER_OBJECT_CONVERSION = YES_AGGRESSIVE;
				CLANG_CXX_LANGUAGE_STANDARD = "gnu++14";
				CLANG_CXX_LIBRARY = "libc++";
				CLANG_ENABLE_MODULES = YES;
				CLANG_ENABLE_OBJC_ARC = YES;
				CLANG_WARN_BLOCK_CAPTURE_AUTORELEASING = YES;
				CLANG_WARN_BOOL_CONVERSION = YES;
				CLANG_WARN_COMMA = YES;
				CLANG_WARN_CONSTANT_CONVERSION = YES;
				CLANG_WARN_DIRECT_OBJC_ISA_USAGE = YES_ERROR;
				CLANG_WARN_DOCUMENTATION_COMMENTS = YES;
				CLANG_WARN_EMPTY_BODY = YES;
				CLANG_WARN_ENUM_CONVERSION = YES;
				CLANG_WARN_INFINITE_RECURSION = YES;
				CLANG_WARN_INT_CONVERSION = YES;
				CLANG_WARN_NON_LITERAL_NULL_CONVERSION = YES;
				CLANG_WARN_OBJC_LITERAL_CONVERSION = YES;
				CLANG_WARN_OBJC_ROOT_CLASS = YES_ERROR;
				CLANG_WARN_RANGE_LOOP_ANALYSIS = YES;
				CLANG_WARN_STRICT_PROTOTYPES = YES;
				CLANG_WARN_SUSPICIOUS_MOVE = YES;
				CLANG_WARN_UNGUARDED_AVAILABILITY = YES_AGGRESSIVE;
				CLANG_WARN_UNREACHABLE_CODE = YES;
				CLANG_WARN__DUPLICATE_METHOD_MATCH = YES;
				CODE_SIGN_IDENTITY = "iPhone Developer";
				COPY_PHASE_STRIP = NO;
				DEBUG_INFORMATION_FORMAT = "dwarf-with-dsym";
				ENABLE_NS_ASSERTIONS = NO;
				ENABLE_STRICT_OBJC_MSGSEND = YES;
				GCC_C_LANGUAGE_STANDARD = gnu11;
				GCC_NO_COMMON_BLOCKS = YES;
				GCC_WARN_64_TO_32_BIT_CONVERSION = YES;
				GCC_WARN_ABOUT_RETURN_TYPE = YES_ERROR;
				GCC_WARN_UNDECLARED_SELECTOR = YES;
				GCC_WARN_UNINITIALIZED_AUTOS = YES_AGGRESSIVE;
				GCC_WARN_UNUSED_FUNCTION = YES;
				GCC_WARN_UNUSED_VARIABLE = YES;
				IPHONEOS_DEPLOYMENT_TARGET = 11.2;
				MTL_ENABLE_DEBUG_INFO = NO;
				SDKROOT = iphoneos;
				SWIFT_OPTIMIZATION_LEVEL = "-Owholemodule";
				VALIDATE_PRODUCT = YES;
			};
			name = Release;
		};
		AD6F301A203D112E0067ED23 /* Debug */ = {
			isa = XCBuildConfiguration;
			baseConfigurationReference = 499698D4F215C7A4D54DC088 /* Pods-RSwiftDemo.debug.xcconfig */;
			buildSettings = {
				ASSETCATALOG_COMPILER_APPICON_NAME = AppIcon;
				CODE_SIGN_STYLE = Automatic;
				DEVELOPMENT_TEAM = 9537QYY2B6;
				INFOPLIST_FILE = RSwiftDemo/Info.plist;
				LD_RUNPATH_SEARCH_PATHS = "$(inherited) @executable_path/Frameworks";
				PRODUCT_BUNDLE_IDENTIFIER = com.xrhl.smartMunicipal170615.RSwiftDemo;
				PRODUCT_NAME = "$(TARGET_NAME)";
				SWIFT_VERSION = 4.0;
				TARGETED_DEVICE_FAMILY = "1,2";
			};
			name = Debug;
		};
		AD6F301B203D112E0067ED23 /* Release */ = {
			isa = XCBuildConfiguration;
			baseConfigurationReference = 98A6040D1E8DD6605522DEB2 /* Pods-RSwiftDemo.release.xcconfig */;
			buildSettings = {
				ASSETCATALOG_COMPILER_APPICON_NAME = AppIcon;
				CODE_SIGN_STYLE = Automatic;
				DEVELOPMENT_TEAM = 9537QYY2B6;
				INFOPLIST_FILE = RSwiftDemo/Info.plist;
				LD_RUNPATH_SEARCH_PATHS = "$(inherited) @executable_path/Frameworks";
				PRODUCT_BUNDLE_IDENTIFIER = com.xrhl.smartMunicipal170615.RSwiftDemo;
				PRODUCT_NAME = "$(TARGET_NAME)";
				SWIFT_VERSION = 4.0;
				TARGETED_DEVICE_FAMILY = "1,2";
			};
			name = Release;
		};
/* End XCBuildConfiguration section */

/* Begin XCConfigurationList section */
		AD6F3002203D112E0067ED23 /* Build configuration list for PBXProject "RSwiftDemo" */ = {
			isa = XCConfigurationList;
			buildConfigurations = (
				AD6F3017203D112E0067ED23 /* Debug */,
				AD6F3018203D112E0067ED23 /* Release */,
			);
			defaultConfigurationIsVisible = 0;
			defaultConfigurationName = Release;
		};
		AD6F3019203D112E0067ED23 /* Build configuration list for PBXNativeTarget "RSwiftDemo" */ = {
			isa = XCConfigurationList;
			buildConfigurations = (
				AD6F301A203D112E0067ED23 /* Debug */,
				AD6F301B203D112E0067ED23 /* Release */,
			);
			defaultConfigurationIsVisible = 0;
			defaultConfigurationName = Release;
		};
/* End XCConfigurationList section */
	};
	rootObject = AD6F2FFF203D112E0067ED23 /* Project object */;
}
